
Microsoft Visual Studio Solution File, Format Version 12.00
# Visual Studio 15
VisualStudioVersion = 15.0.27428.2005
MinimumVisualStudioVersion = 10.0.40219.1
Project("{FAE04EC0-301F-11D3-BF4B-00C04F79EFBC}") = "SallesWebMvc", "SallesWebMvc\SallesWebMvc.csproj", "{74CAF616-9365-42E6-BB1C-EFCD09571CC5}"
EndProject
Global
	GlobalSection(SolutionConfigurationPlatforms) = preSolution
		Debug|Any CPU = Debug|Any CPU
		Release|Any CPU = Release|Any CPU
	EndGlobalSection
	GlobalSection(ProjectConfigurationPlatforms) = postSolution
		{74CAF616-9365-42E6-BB1C-EFCD09571CC5}.Debug|Any CPU.ActiveCfg = Debug|Any CPU
		{74CAF616-9365-42E6-BB1C-EFCD09571CC5}.Debug|Any CPU.Build.0 = Debug|Any CPU
		{74CAF616-9365-42E6-BB1C-EFCD09571CC5}.Release|Any CPU.ActiveCfg = Release|Any CPU
		{74CAF616-9365-42E6-BB1C-EFCD09571CC5}.Release|Any CPU.Build.0 = Release|Any CPU
	EndGlobalSection
	GlobalSection(SolutionProperties) = preSolution
		HideSolutionNode = FALSE
	EndGlobalSection
	GlobalSection(ExtensibilityGlobals) = postSolution
		SolutionGuid = {C31B85D2-D1CD-42E2-A28A-F5BEFB2EFC1B}
	EndGlobalSection
EndGlobal
